// !$*UTF8*$!
{
	archiveVersion = 1;
	classes = {
	};
	objectVersion = 46;
	objects = {

/* Begin PBXBuildFile section */
		538955721DAAEB410044E5AB /* AppDelegate.swift in Sources */ = {isa = PBXBuildFile; fileRef = 538955711DAAEB410044E5AB /* AppDelegate.swift */; };
		538955741DAAEB410044E5AB /* MainController.swift in Sources */ = {isa = PBXBuildFile; fileRef = 538955731DAAEB410044E5AB /* MainController.swift */; };
		538955771DAAEB410044E5AB /* Main.storyboard in Resources */ = {isa = PBXBuildFile; fileRef = 538955751DAAEB410044E5AB /* Main.storyboard */; };
		538955791DAAEB410044E5AB /* Assets.xcassets in Resources */ = {isa = PBXBuildFile; fileRef = 538955781DAAEB410044E5AB /* Assets.xcassets */; };
		5389557C1DAAEB410044E5AB /* LaunchScreen.storyboard in Resources */ = {isa = PBXBuildFile; fileRef = 5389557A1DAAEB410044E5AB /* LaunchScreen.storyboard */; };
		538955881DAAF1A60044E5AB /* Problem3ViewController.swift in Sources */ = {isa = PBXBuildFile; fileRef = 538955871DAAF1A60044E5AB /* Problem3ViewController.swift */; };
		5389558A1DAAF22B0044E5AB /* Problem4ViewController.swift in Sources */ = {isa = PBXBuildFile; fileRef = 538955891DAAF22B0044E5AB /* Problem4ViewController.swift */; };
		538B3DDD1DBD53440058BD1E /* Problem2ViewController.swift in Sources */ = {isa = PBXBuildFile; fileRef = 538B3DDC1DBD53440058BD1E /* Problem2ViewController.swift */; };
/* End PBXBuildFile section */

/* Begin PBXFileReference section */
		5389556E1DAAEB410044E5AB /* MBakerAssignment2.app */ = {isa = PBXFileReference; explicitFileType = wrapper.application; includeInIndex = 0; path = MBakerAssignment2.app; sourceTree = BUILT_PRODUCTS_DIR; };
		538955711DAAEB410044E5AB /* AppDelegate.swift */ = {isa = PBXFileReference; lastKnownFileType = sourcecode.swift; path = AppDelegate.swift; sourceTree = "<group>"; };
		538955731DAAEB410044E5AB /* MainController.swift */ = {isa = PBXFileReference; lastKnownFileType = sourcecode.swift; path = MainController.swift; sourceTree = "<group>"; };
		538955761DAAEB410044E5AB /* Base */ = {isa = PBXFileReference; lastKnownFileType = file.storyboard; name = Base; path = Base.lproj/Main.storyboard; sourceTree = "<group>"; };
		538955781DAAEB410044E5AB /* Assets.xcassets */ = {isa = PBXFileReference; lastKnownFileType = folder.assetcatalog; path = Assets.xcassets; sourceTree = "<group>"; };
		5389557B1DAAEB410044E5AB /* Base */ = {isa = PBXFileReference; lastKnownFileType = file.storyboard; name = Base; path = Base.lproj/LaunchScreen.storyboard; sourceTree = "<group>"; };
		5389557D1DAAEB410044E5AB /* Info.plist */ = {isa = PBXFileReference; lastKnownFileType = text.plist.xml; path = Info.plist; sourceTree = "<group>"; };
		538955871DAAF1A60044E5AB /* Problem3ViewController.swift */ = {isa = PBXFileReference; fileEncoding = 4; lastKnownFileType = sourcecode.swift; path = Problem3ViewController.swift; sourceTree = "<group>"; };
		538955891DAAF22B0044E5AB /* Problem4ViewController.swift */ = {isa = PBXFileReference; fileEncoding = 4; lastKnownFileType = sourcecode.swift; path = Problem4ViewController.swift; sourceTree = "<group>"; };
		538B3DDC1DBD53440058BD1E /* Problem2ViewController.swift */ = {isa = PBXFileReference; fileEncoding = 4; lastKnownFileType = sourcecode.swift; path = Problem2ViewController.swift; sourceTree = "<group>"; };
/* End PBXFileReference section */

/* Begin PBXFrameworksBuildPhase section */
		5389556B1DAAEB410044E5AB /* Frameworks */ = {
			isa = PBXFrameworksBuildPhase;
			buildActionMask = 2147483647;
			files = (
			);
			runOnlyForDeploymentPostprocessing = 0;
		};
/* End PBXFrameworksBuildPhase section */

/* Begin PBXGroup section */
		538955651DAAEB410044E5AB = {
			isa = PBXGroup;
			children = (
				538955701DAAEB410044E5AB /* MBakerAssignment2 */,
				5389556F1DAAEB410044E5AB /* Products */,
			);
			sourceTree = "<group>";
		};
		5389556F1DAAEB410044E5AB /* Products */ = {
			isa = PBXGroup;
			children = (
				5389556E1DAAEB410044E5AB /* MBakerAssignment2.app */,
			);
			name = Products;
			sourceTree = "<group>";
		};
		538955701DAAEB410044E5AB /* MBakerAssignment2 */ = {
			isa = PBXGroup;
			children = (
				538955711DAAEB410044E5AB /* AppDelegate.swift */,
				538B3DDC1DBD53440058BD1E /* Problem2ViewController.swift */,
				538955871DAAF1A60044E5AB /* Problem3ViewController.swift */,
				538955891DAAF22B0044E5AB /* Problem4ViewController.swift */,
				538955731DAAEB410044E5AB /* MainController.swift */,
				538955751DAAEB410044E5AB /* Main.storyboard */,
				538955781DAAEB410044E5AB /* Assets.xcassets */,
				5389557A1DAAEB410044E5AB /* LaunchScreen.storyboard */,
				5389557D1DAAEB410044E5AB /* Info.plist */,
			);
			path = MBakerAssignment2;
			sourceTree = "<group>";
		};
/* End PBXGroup section */

/* Begin PBXNativeTarget section */
		5389556D1DAAEB410044E5AB /* MBakerAssignment2 */ = {
			isa = PBXNativeTarget;
			buildConfigurationList = 538955801DAAEB410044E5AB /* Build configuration list for PBXNativeTarget "MBakerAssignment2" */;
			buildPhases = (
				5389556A1DAAEB410044E5AB /* Sources */,
				5389556B1DAAEB410044E5AB /* Frameworks */,
				5389556C1DAAEB410044E5AB /* Resources */,
			);
			buildRules = (
			);
			dependencies = (
			);
			name = MBakerAssignment2;
			productName = MBakerAssignment2;
			productReference = 5389556E1DAAEB410044E5AB /* MBakerAssignment2.app */;
			productType = "com.apple.product-type.application";
		};
/* End PBXNativeTarget section */

/* Begin PBXProject section */
		538955661DAAEB410044E5AB /* Project object */ = {
			isa = PBXProject;
			attributes = {
				LastSwiftUpdateCheck = 0800;
				LastUpgradeCheck = 0810;
				ORGANIZATIONNAME = "Monica Baker";
				TargetAttributes = {
					5389556D1DAAEB410044E5AB = {
						CreatedOnToolsVersion = 8.0;
						DevelopmentTeam = 8FBFQ96R37;
						ProvisioningStyle = Automatic;
					};
				};
			};
			buildConfigurationList = 538955691DAAEB410044E5AB /* Build configuration list for PBXProject "MBakerAssignment2" */;
			compatibilityVersion = "Xcode 3.2";
			developmentRegion = English;
			hasScannedForEncodings = 0;
			knownRegions = (
				en,
				Base,
			);
			mainGroup = 538955651DAAEB410044E5AB;
			productRefGroup = 5389556F1DAAEB410044E5AB /* Products */;
			projectDirPath = "";
			projectRoot = "";
			targets = (
				5389556D1DAAEB410044E5AB /* MBakerAssignment2 */,
			);
		};
/* End PBXProject section */

/* Begin PBXResourcesBuildPhase section */
		5389556C1DAAEB410044E5AB /* Resources */ = {
			isa = PBXResourcesBuildPhase;
			buildActionMask = 2147483647;
			files = (
				5389557C1DAAEB410044E5AB /* LaunchScreen.storyboard in Resources */,
				538955791DAAEB410044E5AB /* Assets.xcassets in Resources */,
				538955771DAAEB410044E5AB /* Main.storyboard in Resources */,
			);
			runOnlyForDeploymentPostprocessing = 0;
		};
/* End PBXResourcesBuildPhase section */

/* Begin PBXSourcesBuildPhase section */
		5389556A1DAAEB410044E5AB /* Sources */ = {
			isa = PBXSourcesBuildPhase;
			buildActionMask = 2147483647;
			files = (
				538B3DDD1DBD53440058BD1E /* Problem2ViewController.swift in Sources */,
				538955741DAAEB410044E5AB /* MainController.swift in Sources */,
				5389558A1DAAF22B0044E5AB /* Problem4ViewController.swift in Sources */,
				538955881DAAF1A60044E5AB /* Problem3ViewController.swift in Sources */,
				538955721DAAEB410044E5AB /* AppDelegate.swift in Sources */,
			);
			runOnlyForDeploymentPostprocessing = 0;
		};
/* End PBXSourcesBuildPhase section */

/* Begin PBXVariantGroup section */
		538955751DAAEB410044E5AB /* Main.storyboard */ = {
			isa = PBXVariantGroup;
			children = (
				538955761DAAEB410044E5AB /* Base */,
			);
			name = Main.storyboard;
			sourceTree = "<group>";
		};
		5389557A1DAAEB410044E5AB /* LaunchScreen.storyboard */ = {
			isa = PBXVariantGroup;
			children = (
				5389557B1DAAEB410044E5AB /* Base */,
			);
			name = LaunchScreen.storyboard;
			sourceTree = "<group>";
		};
/* End PBXVariantGroup section */

/* Begin XCBuildConfiguration section */
		5389557E1DAAEB410044E5AB /* Debug */ = {
			isa = XCBuildConfiguration;
			buildSettings = {
				ALWAYS_SEARCH_USER_PATHS = NO;
				CLANG_ANALYZER_NONNULL = YES;
				CLANG_CXX_LANGUAGE_STANDARD = "gnu++0x";
				CLANG_CXX_LIBRARY = "libc++";
				CLANG_ENABLE_MODULES = YES;
				CLANG_ENABLE_OBJC_ARC = YES;
				CLANG_WARN_BOOL_CONVERSION = YES;
				CLANG_WARN_CONSTANT_CONVERSION = YES;
				CLANG_WARN_DIRECT_OBJC_ISA_USAGE = YES_ERROR;
				CLANG_WARN_DOCUMENTATION_COMMENTS = YES;
				CLANG_WARN_EMPTY_BODY = YES;
				CLANG_WARN_ENUM_CONVERSION = YES;
				CLANG_WARN_INFINITE_RECURSION = YES;
				CLANG_WARN_INT_CONVERSION = YES;
				CLANG_WARN_OBJC_ROOT_CLASS = YES_ERROR;
				CLANG_WARN_SUSPICIOUS_MOVE = YES;
				CLANG_WARN_SUSPICIOUS_MOVES = YES;
				CLANG_WARN_UNREACHABLE_CODE = YES;
				CLANG_WARN__DUPLICATE_METHOD_MATCH = YES;
				"CODE_SIGN_IDENTITY[sdk=iphoneos*]" = "iPhone Developer";
				COPY_PHASE_STRIP = NO;
				DEBUG_INFORMATION_FORMAT = dwarf;
				ENABLE_STRICT_OBJC_MSGSEND = YES;
				ENABLE_TESTABILITY = YES;
				GCC_C_LANGUAGE_STANDARD = gnu99;
				GCC_DYNAMIC_NO_PIC = NO;
				GCC_NO_COMMON_BLOCKS = YES;
				GCC_OPTIMIZATION_LEVEL = 0;
				GCC_PREPROCESSOR_DEFINITIONS = (
					"DEBUG=1",
					"$(inherited)",
				);
				GCC_WARN_64_TO_32_BIT_CONVERSION = YES;
				GCC_WARN_ABOUT_RETURN_TYPE = YES_ERROR;
				GCC_WARN_UNDECLARED_SELECTOR = YES;
				GCC_WARN_UNINITIALIZED_AUTOS = YES_AGGRESSIVE;
				GCC_WARN_UNUSED_FUNCTION = YES;
				GCC_WARN_UNUSED_VARIABLE = YES;
				IPHONEOS_DEPLOYMENT_TARGET = 10.0;
				MTL_ENABLE_DEBUG_INFO = YES;
				ONLY_ACTIVE_ARCH = YES;
				SDKROOT = iphoneos;
				SWIFT_ACTIVE_COMPILATION_CONDITIONS = DEBUG;
				SWIFT_OPTIMIZATION_LEVEL = "-Onone";
				TARGETED_DEVICE_FAMILY = "1,2";
			};
			name = Debug;
		};
		5389557F1DAAEB410044E5AB /* Release */ = {
			isa = XCBuildConfiguration;
			buildSettings = {
				ALWAYS_SEARCH_USER_PATHS = NO;
				CLANG_ANALYZER_NONNULL = YES;
				CLANG_CXX_LANGUAGE_STANDARD = "gnu++0x";
				CLANG_CXX_LIBRARY = "libc++";
				CLANG_ENABLE_MODULES = YES;
				CLANG_ENABLE_OBJC_ARC = YES;
				CLANG_WARN_BOOL_CONVERSION = YES;
				CLANG_WARN_CONSTANT_CONVERSION = YES;
				CLANG_WARN_DIRECT_OBJC_ISA_USAGE = YES_ERROR;
				CLANG_WARN_DOCUMENTATION_COMMENTS = YES;
				CLANG_WARN_EMPTY_BODY = YES;
				CLANG_WARN_ENUM_CONVERSION = YES;
				CLANG_WARN_INFINITE_RECURSION = YES;
				CLANG_WARN_INT_CONVERSION = YES;
				CLANG_WARN_OBJC_ROOT_CLASS = YES_ERROR;
				CLANG_WARN_SUSPICIOUS_MOVE = YES;
				CLANG_WARN_SUSPICIOUS_MOVES = YES;
				CLANG_WARN_UNREACHABLE_CODE = YES;
				CLANG_WARN__DUPLICATE_METHOD_MATCH = YES;
				"CODE_SIGN_IDENTITY[sdk=iphoneos*]" = "iPhone Developer";
				COPY_PHASE_STRIP = NO;
				DEBUG_INFORMATION_FORMAT = "dwarf-with-dsym";
				ENABLE_NS_ASSERTIONS = NO;
				ENABLE_STRICT_OBJC_MSGSEND = YES;
				GCC_C_LANGUAGE_STANDARD = gnu99;
				GCC_NO_COMMON_BLOCKS = YES;
				GCC_WARN_64_TO_32_BIT_CONVERSION = YES;
				GCC_WARN_ABOUT_RETURN_TYPE = YES_ERROR;
				GCC_WARN_UNDECLARED_SELECTOR = YES;
				GCC_WARN_UNINITIALIZED_AUTOS = YES_AGGRESSIVE;
				GCC_WARN_UNUSED_FUNCTION = YES;
				GCC_WARN_UNUSED_VARIABLE = YES;
				IPHONEOS_DEPLOYMENT_TARGET = 10.0;
				MTL_ENABLE_DEBUG_INFO = NO;
				SDKROOT = iphoneos;
				SWIFT_OPTIMIZATION_LEVEL = "-Owholemodule";
				TARGETED_DEVICE_FAMILY = "1,2";
				VALIDATE_PRODUCT = YES;
			};
			name = Release;
		};
		538955811DAAEB410044E5AB /* Debug */ = {
			isa = XCBuildConfiguration;
			buildSettings = {
				ASSETCATALOG_COMPILER_APPICON_NAME = AppIcon;
				DEVELOPMENT_TEAM = 8FBFQ96R37;
				INFOPLIST_FILE = MBakerAssignment2/Info.plist;
				LD_RUNPATH_SEARCH_PATHS = "$(inherited) @executable_path/Frameworks";
				PRODUCT_BUNDLE_IDENTIFIER = Monica.Baker.MBakerAssignment2;
				PRODUCT_NAME = "$(TARGET_NAME)";
				SWIFT_VERSION = 3.0;
			};
			name = Debug;
		};
		538955821DAAEB410044E5AB /* Release */ = {
			isa = XCBuildConfiguration;
			buildSettings = {
				ASSETCATALOG_COMPILER_APPICON_NAME = AppIcon;
				DEVELOPMENT_TEAM = 8FBFQ96R37;
				INFOPLIST_FILE = MBakerAssignment2/Info.plist;
				LD_RUNPATH_SEARCH_PATHS = "$(inherited) @executable_path/Frameworks";
				PRODUCT_BUNDLE_IDENTIFIER = Monica.Baker.MBakerAssignment2;
				PRODUCT_NAME = "$(TARGET_NAME)";
				SWIFT_VERSION = 3.0;
			};
			name = Release;
		};
/* End XCBuildConfiguration section */

/* Begin XCConfigurationList section */
		538955691DAAEB410044E5AB /* Build configuration list for PBXProject "MBakerAssignment2" */ = {
			isa = XCConfigurationList;
			buildConfigurations = (
				5389557E1DAAEB410044E5AB /* Debug */,
				5389557F1DAAEB410044E5AB /* Release */,
			);
			defaultConfigurationIsVisible = 0;
			defaultConfigurationName = Release;
		};
		538955801DAAEB410044E5AB /* Build configuration list for PBXNativeTarget "MBakerAssignment2" */ = {
			isa = XCConfigurationList;
			buildConfigurations = (
				538955811DAAEB410044E5AB /* Debug */,
				538955821DAAEB410044E5AB /* Release */,
			);
			defaultConfigurationIsVisible = 0;
			defaultConfigurationName = Release;
		};
/* End XCConfigurationList section */
	};
	rootObject = 538955661DAAEB410044E5AB /* Project object */;
}
